// !$*UTF8*$!
{
	archiveVersion = 1;
	classes = {
	};
	objectVersion = 50;
	objects = {

/* Begin PBXBuildFile section */
		A6529E75246809E400763DE0 /* MainNavigationController.swift in Sources */ = {isa = PBXBuildFile; fileRef = A6529E74246809E400763DE0 /* MainNavigationController.swift */; };
		A6529E7724680F5E00763DE0 /* CatDetailController.swift in Sources */ = {isa = PBXBuildFile; fileRef = A6529E7624680F5E00763DE0 /* CatDetailController.swift */; };
		A6529E7B2468175600763DE0 /* CatInfoCell.swift in Sources */ = {isa = PBXBuildFile; fileRef = A6529E7A2468175600763DE0 /* CatInfoCell.swift */; };
		A6529E7D246AEF7200763DE0 /* CatsFeatureCell.swift in Sources */ = {isa = PBXBuildFile; fileRef = A6529E7C246AEF7200763DE0 /* CatsFeatureCell.swift */; };
		A6C2EE6A2460495A00D44D21 /* AppDelegate.swift in Sources */ = {isa = PBXBuildFile; fileRef = A6C2EE692460495A00D44D21 /* AppDelegate.swift */; };
		A6C2EE6C2460495A00D44D21 /* SceneDelegate.swift in Sources */ = {isa = PBXBuildFile; fileRef = A6C2EE6B2460495A00D44D21 /* SceneDelegate.swift */; };
		A6C2EE6E2460495A00D44D21 /* ViewController.swift in Sources */ = {isa = PBXBuildFile; fileRef = A6C2EE6D2460495A00D44D21 /* ViewController.swift */; };
		A6C2EE712460495A00D44D21 /* Main.storyboard in Resources */ = {isa = PBXBuildFile; fileRef = A6C2EE6F2460495A00D44D21 /* Main.storyboard */; };
		A6C2EE732460496100D44D21 /* Assets.xcassets in Resources */ = {isa = PBXBuildFile; fileRef = A6C2EE722460496100D44D21 /* Assets.xcassets */; };
		A6C2EE762460496100D44D21 /* LaunchScreen.storyboard in Resources */ = {isa = PBXBuildFile; fileRef = A6C2EE742460496100D44D21 /* LaunchScreen.storyboard */; };
		A6C2EE7E24604EC200D44D21 /* CatsApiRequests.swift in Sources */ = {isa = PBXBuildFile; fileRef = A6C2EE7D24604EC200D44D21 /* CatsApiRequests.swift */; };
		A6C2EE8124614A3E00D44D21 /* Model.swift in Sources */ = {isa = PBXBuildFile; fileRef = A6C2EE8024614A3E00D44D21 /* Model.swift */; };
		A6C2EE8724648A4200D44D21 /* CatsManager.swift in Sources */ = {isa = PBXBuildFile; fileRef = A6C2EE8624648A4200D44D21 /* CatsManager.swift */; };
		A6C2EE8A24648C3A00D44D21 /* Cat.swift in Sources */ = {isa = PBXBuildFile; fileRef = A6C2EE8924648C3A00D44D21 /* Cat.swift */; };
		A6C2EE8C2466960000D44D21 /* CatNameCell.swift in Sources */ = {isa = PBXBuildFile; fileRef = A6C2EE8B2466960000D44D21 /* CatNameCell.swift */; };
/* End PBXBuildFile section */

/* Begin PBXFileReference section */
		A6529E74246809E400763DE0 /* MainNavigationController.swift */ = {isa = PBXFileReference; lastKnownFileType = sourcecode.swift; path = MainNavigationController.swift; sourceTree = "<group>"; };
		A6529E7624680F5E00763DE0 /* CatDetailController.swift */ = {isa = PBXFileReference; lastKnownFileType = sourcecode.swift; path = CatDetailController.swift; sourceTree = "<group>"; };
		A6529E7A2468175600763DE0 /* CatInfoCell.swift */ = {isa = PBXFileReference; lastKnownFileType = sourcecode.swift; path = CatInfoCell.swift; sourceTree = "<group>"; };
		A6529E7C246AEF7200763DE0 /* CatsFeatureCell.swift */ = {isa = PBXFileReference; lastKnownFileType = sourcecode.swift; path = CatsFeatureCell.swift; sourceTree = "<group>"; };
		A6C2EE662460495A00D44D21 /* theCat.app */ = {isa = PBXFileReference; explicitFileType = wrapper.application; includeInIndex = 0; path = theCat.app; sourceTree = BUILT_PRODUCTS_DIR; };
		A6C2EE692460495A00D44D21 /* AppDelegate.swift */ = {isa = PBXFileReference; lastKnownFileType = sourcecode.swift; path = AppDelegate.swift; sourceTree = "<group>"; };
		A6C2EE6B2460495A00D44D21 /* SceneDelegate.swift */ = {isa = PBXFileReference; lastKnownFileType = sourcecode.swift; path = SceneDelegate.swift; sourceTree = "<group>"; };
		A6C2EE6D2460495A00D44D21 /* ViewController.swift */ = {isa = PBXFileReference; lastKnownFileType = sourcecode.swift; path = ViewController.swift; sourceTree = "<group>"; };
		A6C2EE702460495A00D44D21 /* Base */ = {isa = PBXFileReference; lastKnownFileType = file.storyboard; name = Base; path = Base.lproj/Main.storyboard; sourceTree = "<group>"; };
		A6C2EE722460496100D44D21 /* Assets.xcassets */ = {isa = PBXFileReference; lastKnownFileType = folder.assetcatalog; path = Assets.xcassets; sourceTree = "<group>"; };
		A6C2EE752460496100D44D21 /* Base */ = {isa = PBXFileReference; lastKnownFileType = file.storyboard; name = Base; path = Base.lproj/LaunchScreen.storyboard; sourceTree = "<group>"; };
		A6C2EE772460496100D44D21 /* Info.plist */ = {isa = PBXFileReference; lastKnownFileType = text.plist.xml; path = Info.plist; sourceTree = "<group>"; };
		A6C2EE7D24604EC200D44D21 /* CatsApiRequests.swift */ = {isa = PBXFileReference; lastKnownFileType = sourcecode.swift; path = CatsApiRequests.swift; sourceTree = "<group>"; };
		A6C2EE8024614A3E00D44D21 /* Model.swift */ = {isa = PBXFileReference; lastKnownFileType = sourcecode.swift; path = Model.swift; sourceTree = "<group>"; };
		A6C2EE8624648A4200D44D21 /* CatsManager.swift */ = {isa = PBXFileReference; lastKnownFileType = sourcecode.swift; path = CatsManager.swift; sourceTree = "<group>"; };
		A6C2EE8924648C3A00D44D21 /* Cat.swift */ = {isa = PBXFileReference; lastKnownFileType = sourcecode.swift; path = Cat.swift; sourceTree = "<group>"; };
		A6C2EE8B2466960000D44D21 /* CatNameCell.swift */ = {isa = PBXFileReference; lastKnownFileType = sourcecode.swift; path = CatNameCell.swift; sourceTree = "<group>"; };
/* End PBXFileReference section */

/* Begin PBXFrameworksBuildPhase section */
		A6C2EE632460495A00D44D21 /* Frameworks */ = {
			isa = PBXFrameworksBuildPhase;
			buildActionMask = 2147483647;
			files = (
			);
			runOnlyForDeploymentPostprocessing = 0;
		};
/* End PBXFrameworksBuildPhase section */

/* Begin PBXGroup section */
		A6529E792468173F00763DE0 /* Cells */ = {
			isa = PBXGroup;
			children = (
				A6C2EE8B2466960000D44D21 /* CatNameCell.swift */,
				A6529E7C246AEF7200763DE0 /* CatsFeatureCell.swift */,
				A6529E7A2468175600763DE0 /* CatInfoCell.swift */,
			);
			path = Cells;
			sourceTree = "<group>";
		};
		A6C2EE5D2460495A00D44D21 = {
			isa = PBXGroup;
			children = (
				A6C2EE682460495A00D44D21 /* theCat */,
				A6C2EE672460495A00D44D21 /* Products */,
			);
			sourceTree = "<group>";
		};
		A6C2EE672460495A00D44D21 /* Products */ = {
			isa = PBXGroup;
			children = (
				A6C2EE662460495A00D44D21 /* theCat.app */,
			);
			name = Products;
			sourceTree = "<group>";
		};
		A6C2EE682460495A00D44D21 /* theCat */ = {
			isa = PBXGroup;
			children = (
				A6C2EE692460495A00D44D21 /* AppDelegate.swift */,
				A6C2EE6B2460495A00D44D21 /* SceneDelegate.swift */,
				A6C2EE7D24604EC200D44D21 /* CatsApiRequests.swift */,
				A6C2EE8624648A4200D44D21 /* CatsManager.swift */,
				A6529E792468173F00763DE0 /* Cells */,
				A6C2EE8824648C2100D44D21 /* Model */,
				A6C2EE7F24614A0B00D44D21 /* Controllers */,
				A6C2EE6F2460495A00D44D21 /* Main.storyboard */,
				A6C2EE722460496100D44D21 /* Assets.xcassets */,
				A6C2EE742460496100D44D21 /* LaunchScreen.storyboard */,
				A6C2EE772460496100D44D21 /* Info.plist */,
			);
			path = theCat;
			sourceTree = "<group>";
		};
		A6C2EE7F24614A0B00D44D21 /* Controllers */ = {
			isa = PBXGroup;
			children = (
				A6529E74246809E400763DE0 /* MainNavigationController.swift */,
				A6C2EE6D2460495A00D44D21 /* ViewController.swift */,
				A6529E7624680F5E00763DE0 /* CatDetailController.swift */,
			);
			path = Controllers;
			sourceTree = "<group>";
		};
		A6C2EE8824648C2100D44D21 /* Model */ = {
			isa = PBXGroup;
			children = (
				A6C2EE8024614A3E00D44D21 /* Model.swift */,
				A6C2EE8924648C3A00D44D21 /* Cat.swift */,
			);
			path = Model;
			sourceTree = "<group>";
		};
/* End PBXGroup section */

/* Begin PBXNativeTarget section */
		A6C2EE652460495A00D44D21 /* theCat */ = {
			isa = PBXNativeTarget;
			buildConfigurationList = A6C2EE7A2460496100D44D21 /* Build configuration list for PBXNativeTarget "theCat" */;
			buildPhases = (
				A6C2EE622460495A00D44D21 /* Sources */,
				A6C2EE632460495A00D44D21 /* Frameworks */,
				A6C2EE642460495A00D44D21 /* Resources */,
			);
			buildRules = (
			);
			dependencies = (
			);
			name = theCat;
			productName = theCat;
			productReference = A6C2EE662460495A00D44D21 /* theCat.app */;
			productType = "com.apple.product-type.application";
		};
/* End PBXNativeTarget section */

/* Begin PBXProject section */
		A6C2EE5E2460495A00D44D21 /* Project object */ = {
			isa = PBXProject;
			attributes = {
				LastSwiftUpdateCheck = 1140;
				LastUpgradeCheck = 1140;
				ORGANIZATIONNAME = "Aleksandr Maltsev";
				TargetAttributes = {
					A6C2EE652460495A00D44D21 = {
						CreatedOnToolsVersion = 11.4.1;
					};
				};
			};
			buildConfigurationList = A6C2EE612460495A00D44D21 /* Build configuration list for PBXProject "theCat" */;
			compatibilityVersion = "Xcode 9.3";
			developmentRegion = en;
			hasScannedForEncodings = 0;
			knownRegions = (
				en,
				Base,
			);
			mainGroup = A6C2EE5D2460495A00D44D21;
			productRefGroup = A6C2EE672460495A00D44D21 /* Products */;
			projectDirPath = "";
			projectRoot = "";
			targets = (
				A6C2EE652460495A00D44D21 /* theCat */,
			);
		};
/* End PBXProject section */

/* Begin PBXResourcesBuildPhase section */
		A6C2EE642460495A00D44D21 /* Resources */ = {
			isa = PBXResourcesBuildPhase;
			buildActionMask = 2147483647;
			files = (
				A6C2EE762460496100D44D21 /* LaunchScreen.storyboard in Resources */,
				A6C2EE732460496100D44D21 /* Assets.xcassets in Resources */,
				A6C2EE712460495A00D44D21 /* Main.storyboard in Resources */,
			);
			runOnlyForDeploymentPostprocessing = 0;
		};
/* End PBXResourcesBuildPhase section */

/* Begin PBXSourcesBuildPhase section */
		A6C2EE622460495A00D44D21 /* Sources */ = {
			isa = PBXSourcesBuildPhase;
			buildActionMask = 2147483647;
			files = (
				A6529E75246809E400763DE0 /* MainNavigationController.swift in Sources */,
				A6C2EE8124614A3E00D44D21 /* Model.swift in Sources */,
				A6C2EE8A24648C3A00D44D21 /* Cat.swift in Sources */,
				A6C2EE6E2460495A00D44D21 /* ViewController.swift in Sources */,
				A6C2EE7E24604EC200D44D21 /* CatsApiRequests.swift in Sources */,
				A6C2EE6A2460495A00D44D21 /* AppDelegate.swift in Sources */,
				A6C2EE8C2466960000D44D21 /* CatNameCell.swift in Sources */,
				A6529E7724680F5E00763DE0 /* CatDetailController.swift in Sources */,
				A6529E7B2468175600763DE0 /* CatInfoCell.swift in Sources */,
				A6C2EE6C2460495A00D44D21 /* SceneDelegate.swift in Sources */,
				A6C2EE8724648A4200D44D21 /* CatsManager.swift in Sources */,
				A6529E7D246AEF7200763DE0 /* CatsFeatureCell.swift in Sources */,
			);
			runOnlyForDeploymentPostprocessing = 0;
		};
/* End PBXSourcesBuildPhase section */

/* Begin PBXVariantGroup section */
		A6C2EE6F2460495A00D44D21 /* Main.storyboard */ = {
			isa = PBXVariantGroup;
			children = (
				A6C2EE702460495A00D44D21 /* Base */,
			);
			name = Main.storyboard;
			sourceTree = "<group>";
		};
		A6C2EE742460496100D44D21 /* LaunchScreen.storyboard */ = {
			isa = PBXVariantGroup;
			children = (
				A6C2EE752460496100D44D21 /* Base */,
			);
			name = LaunchScreen.storyboard;
			sourceTree = "<group>";
		};
/* End PBXVariantGroup section */

/* Begin XCBuildConfiguration section */
		A6C2EE782460496100D44D21 /* Debug */ = {
			isa = XCBuildConfiguration;
			buildSettings = {
				ALWAYS_SEARCH_USER_PATHS = NO;
				CLANG_ANALYZER_NONNULL = YES;
				CLANG_ANALYZER_NUMBER_OBJECT_CONVERSION = YES_AGGRESSIVE;
				CLANG_CXX_LANGUAGE_STANDARD = "gnu++14";
				CLANG_CXX_LIBRARY = "libc++";
				CLANG_ENABLE_MODULES = YES;
				CLANG_ENABLE_OBJC_ARC = YES;
				CLANG_ENABLE_OBJC_WEAK = YES;
				CLANG_WARN_BLOCK_CAPTURE_AUTORELEASING = YES;
				CLANG_WARN_BOOL_CONVERSION = YES;
				CLANG_WARN_COMMA = YES;
				CLANG_WARN_CONSTANT_CONVERSION = YES;
				CLANG_WARN_DEPRECATED_OBJC_IMPLEMENTATIONS = YES;
				CLANG_WARN_DIRECT_OBJC_ISA_USAGE = YES_ERROR;
				CLANG_WARN_DOCUMENTATION_COMMENTS = YES;
				CLANG_WARN_EMPTY_BODY = YES;
				CLANG_WARN_ENUM_CONVERSION = YES;
				CLANG_WARN_INFINITE_RECURSION = YES;
				CLANG_WARN_INT_CONVERSION = YES;
				CLANG_WARN_NON_LITERAL_NULL_CONVERSION = YES;
				CLANG_WARN_OBJC_IMPLICIT_RETAIN_SELF = YES;
				CLANG_WARN_OBJC_LITERAL_CONVERSION = YES;
				CLANG_WARN_OBJC_ROOT_CLASS = YES_ERROR;
				CLANG_WARN_RANGE_LOOP_ANALYSIS = YES;
				CLANG_WARN_STRICT_PROTOTYPES = YES;
				CLANG_WARN_SUSPICIOUS_MOVE = YES;
				CLANG_WARN_UNGUARDED_AVAILABILITY = YES_AGGRESSIVE;
				CLANG_WARN_UNREACHABLE_CODE = YES;
				CLANG_WARN__DUPLICATE_METHOD_MATCH = YES;
				COPY_PHASE_STRIP = NO;
				DEBUG_INFORMATION_FORMAT = dwarf;
				ENABLE_STRICT_OBJC_MSGSEND = YES;
				ENABLE_TESTABILITY = YES;
				GCC_C_LANGUAGE_STANDARD = gnu11;
				GCC_DYNAMIC_NO_PIC = NO;
				GCC_NO_COMMON_BLOCKS = YES;
				GCC_OPTIMIZATION_LEVEL = 0;
				GCC_PREPROCESSOR_DEFINITIONS = (
					"DEBUG=1",
					"$(inherited)",
				);
				GCC_WARN_64_TO_32_BIT_CONVERSION = YES;
				GCC_WARN_ABOUT_RETURN_TYPE = YES_ERROR;
				GCC_WARN_UNDECLARED_SELECTOR = YES;
				GCC_WARN_UNINITIALIZED_AUTOS = YES_AGGRESSIVE;
				GCC_WARN_UNUSED_FUNCTION = YES;
				GCC_WARN_UNUSED_VARIABLE = YES;
				IPHONEOS_DEPLOYMENT_TARGET = 13.4;
				MTL_ENABLE_DEBUG_INFO = INCLUDE_SOURCE;
				MTL_FAST_MATH = YES;
				ONLY_ACTIVE_ARCH = YES;
				SDKROOT = iphoneos;
				SWIFT_ACTIVE_COMPILATION_CONDITIONS = DEBUG;
				SWIFT_OPTIMIZATION_LEVEL = "-Onone";
			};
			name = Debug;
		};
		A6C2EE792460496100D44D21 /* Release */ = {
			isa = XCBuildConfiguration;
			buildSettings = {
				ALWAYS_SEARCH_USER_PATHS = NO;
				CLANG_ANALYZER_NONNULL = YES;
				CLANG_ANALYZER_NUMBER_OBJECT_CONVERSION = YES_AGGRESSIVE;
				CLANG_CXX_LANGUAGE_STANDARD = "gnu++14";
				CLANG_CXX_LIBRARY = "libc++";
				CLANG_ENABLE_MODULES = YES;
				CLANG_ENABLE_OBJC_ARC = YES;
				CLANG_ENABLE_OBJC_WEAK = YES;
				CLANG_WARN_BLOCK_CAPTURE_AUTORELEASING = YES;
				CLANG_WARN_BOOL_CONVERSION = YES;
				CLANG_WARN_COMMA = YES;
				CLANG_WARN_CONSTANT_CONVERSION = YES;
				CLANG_WARN_DEPRECATED_OBJC_IMPLEMENTATIONS = YES;
				CLANG_WARN_DIRECT_OBJC_ISA_USAGE = YES_ERROR;
				CLANG_WARN_DOCUMENTATION_COMMENTS = YES;
				CLANG_WARN_EMPTY_BODY = YES;
				CLANG_WARN_ENUM_CONVERSION = YES;
				CLANG_WARN_INFINITE_RECURSION = YES;
				CLANG_WARN_INT_CONVERSION = YES;
				CLANG_WARN_NON_LITERAL_NULL_CONVERSION = YES;
				CLANG_WARN_OBJC_IMPLICIT_RETAIN_SELF = YES;
				CLANG_WARN_OBJC_LITERAL_CONVERSION = YES;
				CLANG_WARN_OBJC_ROOT_CLASS = YES_ERROR;
				CLANG_WARN_RANGE_LOOP_ANALYSIS = YES;
				CLANG_WARN_STRICT_PROTOTYPES = YES;
				CLANG_WARN_SUSPICIOUS_MOVE = YES;
				CLANG_WARN_UNGUARDED_AVAILABILITY = YES_AGGRESSIVE;
				CLANG_WARN_UNREACHABLE_CODE = YES;
				CLANG_WARN__DUPLICATE_METHOD_MATCH = YES;
				COPY_PHASE_STRIP = NO;
				DEBUG_INFORMATION_FORMAT = "dwarf-with-dsym";
				ENABLE_NS_ASSERTIONS = NO;
				ENABLE_STRICT_OBJC_MSGSEND = YES;
				GCC_C_LANGUAGE_STANDARD = gnu11;
				GCC_NO_COMMON_BLOCKS = YES;
				GCC_WARN_64_TO_32_BIT_CONVERSION = YES;
				GCC_WARN_ABOUT_RETURN_TYPE = YES_ERROR;
				GCC_WARN_UNDECLARED_SELECTOR = YES;
				GCC_WARN_UNINITIALIZED_AUTOS = YES_AGGRESSIVE;
				GCC_WARN_UNUSED_FUNCTION = YES;
				GCC_WARN_UNUSED_VARIABLE = YES;
				IPHONEOS_DEPLOYMENT_TARGET = 13.4;
				MTL_ENABLE_DEBUG_INFO = NO;
				MTL_FAST_MATH = YES;
				SDKROOT = iphoneos;
				SWIFT_COMPILATION_MODE = wholemodule;
				SWIFT_OPTIMIZATION_LEVEL = "-O";
				VALIDATE_PRODUCT = YES;
			};
			name = Release;
		};
		A6C2EE7B2460496100D44D21 /* Debug */ = {
			isa = XCBuildConfiguration;
			buildSettings = {
				ASSETCATALOG_COMPILER_APPICON_NAME = AppIcon;
				CODE_SIGN_STYLE = Automatic;
				DEVELOPMENT_TEAM = AK62F95LBK;
				INFOPLIST_FILE = theCat/Info.plist;
				LD_RUNPATH_SEARCH_PATHS = (
					"$(inherited)",
					"@executable_path/Frameworks",
				);
				PRODUCT_BUNDLE_IDENTIFIER = com.product.theCat;
				PRODUCT_NAME = "$(TARGET_NAME)";
				SWIFT_VERSION = 5.0;
				TARGETED_DEVICE_FAMILY = "1,2";
			};
			name = Debug;
		};
		A6C2EE7C2460496100D44D21 /* Release */ = {
			isa = XCBuildConfiguration;
			buildSettings = {
				ASSETCATALOG_COMPILER_APPICON_NAME = AppIcon;
				CODE_SIGN_STYLE = Automatic;
				DEVELOPMENT_TEAM = AK62F95LBK;
				INFOPLIST_FILE = theCat/Info.plist;
				LD_RUNPATH_SEARCH_PATHS = (
					"$(inherited)",
					"@executable_path/Frameworks",
				);
				PRODUCT_BUNDLE_IDENTIFIER = com.product.theCat;
				PRODUCT_NAME = "$(TARGET_NAME)";
				SWIFT_VERSION = 5.0;
				TARGETED_DEVICE_FAMILY = "1,2";
			};
			name = Release;
		};
/* End XCBuildConfiguration section */

/* Begin XCConfigurationList section */
		A6C2EE612460495A00D44D21 /* Build configuration list for PBXProject "theCat" */ = {
			isa = XCConfigurationList;
			buildConfigurations = (
				A6C2EE782460496100D44D21 /* Debug */,
				A6C2EE792460496100D44D21 /* Release */,
			);
			defaultConfigurationIsVisible = 0;
			defaultConfigurationName = Release;
		};
		A6C2EE7A2460496100D44D21 /* Build configuration list for PBXNativeTarget "theCat" */ = {
			isa = XCConfigurationList;
			buildConfigurations = (
				A6C2EE7B2460496100D44D21 /* Debug */,
				A6C2EE7C2460496100D44D21 /* Release */,
			);
			defaultConfigurationIsVisible = 0;
			defaultConfigurationName = Release;
		};
/* End XCConfigurationList section */
	};
	rootObject = A6C2EE5E2460495A00D44D21 /* Project object */;
}
